
Microsoft Visual Studio Solution File, Format Version 12.00
# Visual Studio 15
VisualStudioVersion = 15.0.28307.438
MinimumVisualStudioVersion = 10.0.40219.1
Project("{FAE04EC0-301F-11D3-BF4B-00C04F79EFBC}") = "Command", "CommandPattern\Command\Command.csproj", "{803FD204-BB1F-4710-8EFC-814680163E55}"
EndProject
Project("{FAE04EC0-301F-11D3-BF4B-00C04F79EFBC}") = "StarBuzz", "DecoratorPattern\StarBuzz\StarBuzz.csproj", "{45474610-5A98-4C11-AB26-9ECF969218AF}"
EndProject
Project("{FAE04EC0-301F-11D3-BF4B-00C04F79EFBC}") = "PizzaStore", "FactoryPattern\PizzStore\PizzaStore.csproj", "{285F0385-DD00-400A-97EF-785E79496F1C}"
EndProject
Project("{FAE04EC0-301F-11D3-BF4B-00C04F79EFBC}") = "Weather", "ObserverPattern\Weather\Weather.csproj", "{E979354E-27ED-41F8-B7B1-ADFBF3EA1E50}"
EndProject
Project("{FAE04EC0-301F-11D3-BF4B-00C04F79EFBC}") = "Chocolate", "SingletonPattern\Chocolate\Chocolate.csproj", "{2B9624CA-C0E9-4170-A2AB-1F25FCC17ACC}"
EndProject
Project("{FAE04EC0-301F-11D3-BF4B-00C04F79EFBC}") = "Duck", "StrategyPattern\Duck\Duck.csproj", "{4C2A66FC-D158-4B42-B15A-68D434ED1692}"
EndProject
Global
	GlobalSection(SolutionConfigurationPlatforms) = preSolution
		Debug|Any CPU = Debug|Any CPU
		Release|Any CPU = Release|Any CPU
	EndGlobalSection
	GlobalSection(ProjectConfigurationPlatforms) = postSolution
		{803FD204-BB1F-4710-8EFC-814680163E55}.Debug|Any CPU.ActiveCfg = Debug|Any CPU
		{803FD204-BB1F-4710-8EFC-814680163E55}.Debug|Any CPU.Build.0 = Debug|Any CPU
		{803FD204-BB1F-4710-8EFC-814680163E55}.Release|Any CPU.ActiveCfg = Release|Any CPU
		{803FD204-BB1F-4710-8EFC-814680163E55}.Release|Any CPU.Build.0 = Release|Any CPU
		{45474610-5A98-4C11-AB26-9ECF969218AF}.Debug|Any CPU.ActiveCfg = Debug|Any CPU
		{45474610-5A98-4C11-AB26-9ECF969218AF}.Debug|Any CPU.Build.0 = Debug|Any CPU
		{45474610-5A98-4C11-AB26-9ECF969218AF}.Release|Any CPU.ActiveCfg = Release|Any CPU
		{45474610-5A98-4C11-AB26-9ECF969218AF}.Release|Any CPU.Build.0 = Release|Any CPU
		{285F0385-DD00-400A-97EF-785E79496F1C}.Debug|Any CPU.ActiveCfg = Debug|Any CPU
		{285F0385-DD00-400A-97EF-785E79496F1C}.Debug|Any CPU.Build.0 = Debug|Any CPU
		{285F0385-DD00-400A-97EF-785E79496F1C}.Release|Any CPU.ActiveCfg = Release|Any CPU
		{285F0385-DD00-400A-97EF-785E79496F1C}.Release|Any CPU.Build.0 = Release|Any CPU
		{E979354E-27ED-41F8-B7B1-ADFBF3EA1E50}.Debug|Any CPU.ActiveCfg = Debug|Any CPU
		{E979354E-27ED-41F8-B7B1-ADFBF3EA1E50}.Debug|Any CPU.Build.0 = Debug|Any CPU
		{E979354E-27ED-41F8-B7B1-ADFBF3EA1E50}.Release|Any CPU.ActiveCfg = Release|Any CPU
		{E979354E-27ED-41F8-B7B1-ADFBF3EA1E50}.Release|Any CPU.Build.0 = Release|Any CPU
		{2B9624CA-C0E9-4170-A2AB-1F25FCC17ACC}.Debug|Any CPU.ActiveCfg = Debug|Any CPU
		{2B9624CA-C0E9-4170-A2AB-1F25FCC17ACC}.Debug|Any CPU.Build.0 = Debug|Any CPU
		{2B9624CA-C0E9-4170-A2AB-1F25FCC17ACC}.Release|Any CPU.ActiveCfg = Release|Any CPU
		{2B9624CA-C0E9-4170-A2AB-1F25FCC17ACC}.Release|Any CPU.Build.0 = Release|Any CPU
		{4C2A66FC-D158-4B42-B15A-68D434ED1692}.Debug|Any CPU.ActiveCfg = Debug|Any CPU
		{4C2A66FC-D158-4B42-B15A-68D434ED1692}.Debug|Any CPU.Build.0 = Debug|Any CPU
		{4C2A66FC-D158-4B42-B15A-68D434ED1692}.Release|Any CPU.ActiveCfg = Release|Any CPU
		{4C2A66FC-D158-4B42-B15A-68D434ED1692}.Release|Any CPU.Build.0 = Release|Any CPU
	EndGlobalSection
	GlobalSection(SolutionProperties) = preSolution
		HideSolutionNode = FALSE
	EndGlobalSection
	GlobalSection(ExtensibilityGlobals) = postSolution
		SolutionGuid = {3AF78C30-333A-443B-99F2-7C20E1716759}
	EndGlobalSection
EndGlobal
